
Microsoft Visual Studio Solution File, Format Version 12.00
# Visual Studio 15
VisualStudioVersion = 15.0.28307.757
MinimumVisualStudioVersion = 10.0.40219.1
Project("{FAE04EC0-301F-11D3-BF4B-00C04F79EFBC}") = "Senai.ManualPecas.WebApi", "Senai.ManualPecas.WebApi\Senai.ManualPecas.WebApi.csproj", "{2D73C933-0739-4966-8A54-94CB64BA4DA7}"
EndProject
Global
	GlobalSection(SolutionConfigurationPlatforms) = preSolution
		Debug|Any CPU = Debug|Any CPU
		Release|Any CPU = Release|Any CPU
	EndGlobalSection
	GlobalSection(ProjectConfigurationPlatforms) = postSolution
		{2D73C933-0739-4966-8A54-94CB64BA4DA7}.Debug|Any CPU.ActiveCfg = Debug|Any CPU
		{2D73C933-0739-4966-8A54-94CB64BA4DA7}.Debug|Any CPU.Build.0 = Debug|Any CPU
		{2D73C933-0739-4966-8A54-94CB64BA4DA7}.Release|Any CPU.ActiveCfg = Release|Any CPU
		{2D73C933-0739-4966-8A54-94CB64BA4DA7}.Release|Any CPU.Build.0 = Release|Any CPU
	EndGlobalSection
	GlobalSection(SolutionProperties) = preSolution
		HideSolutionNode = FALSE
	EndGlobalSection
	GlobalSection(ExtensibilityGlobals) = postSolution
		SolutionGuid = {7C5D131D-D867-4477-871C-80CD0536BF19}
	EndGlobalSection
EndGlobal
