
Microsoft Visual Studio Solution File, Format Version 12.00
# Visual Studio 15
VisualStudioVersion = 15.0.28307.757
MinimumVisualStudioVersion = 10.0.40219.1
Project("{FAE04EC0-301F-11D3-BF4B-00C04F79EFBC}") = "Senai.Ekips.WebApi", "Senai.Ekips.WebApi\Senai.Ekips.WebApi.csproj", "{3B0DEEBA-B522-4440-8BF3-90765801A626}"
EndProject
Global
	GlobalSection(SolutionConfigurationPlatforms) = preSolution
		Debug|Any CPU = Debug|Any CPU
		Release|Any CPU = Release|Any CPU
	EndGlobalSection
	GlobalSection(ProjectConfigurationPlatforms) = postSolution
		{3B0DEEBA-B522-4440-8BF3-90765801A626}.Debug|Any CPU.ActiveCfg = Debug|Any CPU
		{3B0DEEBA-B522-4440-8BF3-90765801A626}.Debug|Any CPU.Build.0 = Debug|Any CPU
		{3B0DEEBA-B522-4440-8BF3-90765801A626}.Release|Any CPU.ActiveCfg = Release|Any CPU
		{3B0DEEBA-B522-4440-8BF3-90765801A626}.Release|Any CPU.Build.0 = Release|Any CPU
	EndGlobalSection
	GlobalSection(SolutionProperties) = preSolution
		HideSolutionNode = FALSE
	EndGlobalSection
	GlobalSection(ExtensibilityGlobals) = postSolution
		SolutionGuid = {737CC8A6-5261-49AD-B991-B519997A5C73}
	EndGlobalSection
EndGlobal
